
Microsoft Visual Studio Solution File, Format Version 12.00
# Visual Studio Version 17
VisualStudioVersion = 17.2.32526.322
MinimumVisualStudioVersion = 10.0.40219.1
Project("{FAE04EC0-301F-11D3-BF4B-00C04F79EFBC}") = "DSAndAlgorithms", "DSAndAlgorithms\DSAndAlgorithms.csproj", "{1836CAB5-FCBC-48D0-A17E-7CE11DCEFE5D}"
EndProject
Global
	GlobalSection(SolutionConfigurationPlatforms) = preSolution
		Debug|Any CPU = Debug|Any CPU
		Release|Any CPU = Release|Any CPU
	EndGlobalSection
	GlobalSection(ProjectConfigurationPlatforms) = postSolution
		{1836CAB5-FCBC-48D0-A17E-7CE11DCEFE5D}.Debug|Any CPU.ActiveCfg = Debug|Any CPU
		{1836CAB5-FCBC-48D0-A17E-7CE11DCEFE5D}.Debug|Any CPU.Build.0 = Debug|Any CPU
		{1836CAB5-FCBC-48D0-A17E-7CE11DCEFE5D}.Release|Any CPU.ActiveCfg = Release|Any CPU
		{1836CAB5-FCBC-48D0-A17E-7CE11DCEFE5D}.Release|Any CPU.Build.0 = Release|Any CPU
	EndGlobalSection
	GlobalSection(SolutionProperties) = preSolution
		HideSolutionNode = FALSE
	EndGlobalSection
	GlobalSection(ExtensibilityGlobals) = postSolution
		SolutionGuid = {7E3E4C18-EBE3-433F-89EF-57F98F2B213C}
	EndGlobalSection
EndGlobal
